
Microsoft Visual Studio Solution File, Format Version 12.00
# Visual Studio 15
Project("{FAE04EC0-301F-11D3-BF4B-00C04F79EFBC}") = "task1", "task1\task1.csproj", "{6B3464B0-8AB8-4560-A614-50B225A8F383}"
EndProject
Global
	GlobalSection(SolutionConfigurationPlatforms) = preSolution
		Debug|x86 = Debug|x86
		Release|x86 = Release|x86
	EndGlobalSection
	GlobalSection(ProjectConfigurationPlatforms) = postSolution
		{6B3464B0-8AB8-4560-A614-50B225A8F383}.Debug|x86.ActiveCfg = Debug|x86
		{6B3464B0-8AB8-4560-A614-50B225A8F383}.Debug|x86.Build.0 = Debug|x86
		{6B3464B0-8AB8-4560-A614-50B225A8F383}.Release|x86.ActiveCfg = Release|x86
		{6B3464B0-8AB8-4560-A614-50B225A8F383}.Release|x86.Build.0 = Release|x86
	EndGlobalSection
EndGlobal
