
Microsoft Visual Studio Solution File, Format Version 12.00
# Visual Studio 15
Project("{FAE04EC0-301F-11D3-BF4B-00C04F79EFBC}") = "snake2", "snake2\snake2.csproj", "{108EDA60-36D3-4CA4-BDF0-E50185EF085D}"
EndProject
Global
	GlobalSection(SolutionConfigurationPlatforms) = preSolution
		Debug|Any CPU = Debug|Any CPU
		Release|Any CPU = Release|Any CPU
	EndGlobalSection
	GlobalSection(ProjectConfigurationPlatforms) = postSolution
		{108EDA60-36D3-4CA4-BDF0-E50185EF085D}.Debug|Any CPU.ActiveCfg = Debug|Any CPU
		{108EDA60-36D3-4CA4-BDF0-E50185EF085D}.Debug|Any CPU.Build.0 = Debug|Any CPU
		{108EDA60-36D3-4CA4-BDF0-E50185EF085D}.Release|Any CPU.ActiveCfg = Release|Any CPU
		{108EDA60-36D3-4CA4-BDF0-E50185EF085D}.Release|Any CPU.Build.0 = Release|Any CPU
	EndGlobalSection
EndGlobal
