
Microsoft Visual Studio Solution File, Format Version 12.00
# Visual Studio 15
Project("{FAE04EC0-301F-11D3-BF4B-00C04F79EFBC}") = "1far", "1far\1far.csproj", "{AAFD3EFD-6C0B-4890-87EB-84A871EDA755}"
EndProject
Global
	GlobalSection(SolutionConfigurationPlatforms) = preSolution
		Debug|x86 = Debug|x86
		Release|x86 = Release|x86
	EndGlobalSection
	GlobalSection(ProjectConfigurationPlatforms) = postSolution
		{AAFD3EFD-6C0B-4890-87EB-84A871EDA755}.Debug|x86.ActiveCfg = Debug|x86
		{AAFD3EFD-6C0B-4890-87EB-84A871EDA755}.Debug|x86.Build.0 = Debug|x86
		{AAFD3EFD-6C0B-4890-87EB-84A871EDA755}.Release|x86.ActiveCfg = Release|x86
		{AAFD3EFD-6C0B-4890-87EB-84A871EDA755}.Release|x86.Build.0 = Release|x86
	EndGlobalSection
EndGlobal
